
Microsoft Visual Studio Solution File, Format Version 12.00
# Visual Studio Version 16
VisualStudioVersion = 16.0.28803.202
MinimumVisualStudioVersion = 10.0.40219.1
Project("{FAE04EC0-301F-11D3-BF4B-00C04F79EFBC}") = "AppForTraining", "AppForTraining\AppForTraining.csproj", "{40341306-B448-469B-9FC4-B4450415F35B}"
EndProject
Global
	GlobalSection(SolutionConfigurationPlatforms) = preSolution
		Debug|Any CPU = Debug|Any CPU
		Release|Any CPU = Release|Any CPU
	EndGlobalSection
	GlobalSection(ProjectConfigurationPlatforms) = postSolution
		{40341306-B448-469B-9FC4-B4450415F35B}.Debug|Any CPU.ActiveCfg = Debug|Any CPU
		{40341306-B448-469B-9FC4-B4450415F35B}.Debug|Any CPU.Build.0 = Debug|Any CPU
		{40341306-B448-469B-9FC4-B4450415F35B}.Release|Any CPU.ActiveCfg = Release|Any CPU
		{40341306-B448-469B-9FC4-B4450415F35B}.Release|Any CPU.Build.0 = Release|Any CPU
	EndGlobalSection
	GlobalSection(SolutionProperties) = preSolution
		HideSolutionNode = FALSE
	EndGlobalSection
	GlobalSection(ExtensibilityGlobals) = postSolution
		SolutionGuid = {1B4BD9CD-6EF8-4A8C-BECF-4F2388556053}
	EndGlobalSection
EndGlobal
